{
  "version": 4,
  "terraform_version": "0.15.4",
  "serial": 10,
  "lineage": "e055ee44-97f2-e367-22fb-a9957b32e20f",
  "outputs": {
    "container_name": {
      "value": "blog_dev",
      "type": "string"
    },
    "ip_address": {
      "value": "172.17.0.2",
      "type": "string"
    }
  },
  "resources": [
    {
      "mode": "managed",
      "type": "docker_container",
      "name": "container_id",
      "provider": "provider[\"registry.terraform.io/kreuzwerker/docker\"]",
      "instances": []
    },
    {
      "mode": "managed",
      "type": "docker_image",
      "name": "image_id",
      "provider": "provider[\"registry.terraform.io/kreuzwerker/docker\"]",
      "instances": [
        {
          "schema_version": 0,
          "attributes": {
            "build": [],
            "force_remove": null,
            "id": "sha256:c908524b592085e0095db3208cef17112d13eb6c5a56d870b576c79fa26e6032ghost:latest",
            "keep_locally": null,
            "latest": "sha256:c908524b592085e0095db3208cef17112d13eb6c5a56d870b576c79fa26e6032",
            "name": "ghost:latest",
            "output": null,
            "pull_trigger": null,
            "pull_triggers": null
          },
          "sensitive_attributes": [],
          "private": "bnVsbA=="
        }
      ]
    }
  ]
}
